lockfileVersion: '9.0'

settings:
  autoInstallPeers: true
  excludeLinksFromLockfile: false

importers:

  .:
    dependencies:
      uuid:
        specifier: ^11.0.2
        version: 11.0.2

packages:

  uuid@11.0.2:
    resolution: {integrity: sha512-14FfcOJmqdjbBPdDjFQyk/SdT4NySW4eM0zcG+HqbHP5jzuH56xO3J1DGhgs/cEMCfwYi3HQI1gnTO62iaG+tQ==}
    hasBin: true

snapshots:

  uuid@11.0.2: {}
