lockfileVersion: '9.0'

settings:
  autoInstallPeers: true
  excludeLinksFromLockfile: false

importers:

  .:
    dependencies:
      scripty:
        specifier: ^3.0.0
        version: 3.0.0
    devDependencies:
      '@types/pdfjs-dist':
        specifier: ^2.10.378
        version: 2.10.378

packages:

  '@napi-rs/canvas-android-arm64@0.1.69':
    resolution: {integrity: sha512-4icWTByY8zPvM9SelfQKf3I6kwXw0aI5drBOVrwfER5kjwXJd78FPSDSZkxDHjvIo9Q86ljl18Yr963ehA4sHQ==}
    engines: {node: '>= 10'}
    cpu: [arm64]
    os: [android]

  '@napi-rs/canvas-darwin-arm64@0.1.69':
    resolution: {integrity: sha512-HOanhhYlHdukA+unjelT4Dg3ta7e820x87/AG2dKUMsUzH19jaeZs9bcYjzEy2vYi/dFWKz7cSv2yaIOudB8Yg==}
    engines: {node: '>= 10'}
    cpu: [arm64]
    os: [darwin]

  '@napi-rs/canvas-darwin-x64@0.1.69':
    resolution: {integrity: sha512-SIp7WfhxAPnSVK9bkFfJp+84rbATCIq9jMUzDwpCLhQ+v+OqtXe4pggX1oeV+62/HK6BT1t18qRmJfyqwJ9f3g==}
    engines: {node: '>= 10'}
    cpu: [x64]
    os: [darwin]

  '@napi-rs/canvas-linux-arm-gnueabihf@0.1.69':
    resolution: {integrity: sha512-Ls+KujCp6TGpkuMVFvrlx+CxtL+casdkrprFjqIuOAnB30Mct6bCEr+I83Tu29s3nNq4EzIGjdmA3fFAZG/Dtw==}
    engines: {node: '>= 10'}
    cpu: [arm]
    os: [linux]

  '@napi-rs/canvas-linux-arm64-gnu@0.1.69':
    resolution: {integrity: sha512-m8VcGmeSBNRbHZBd1srvdM1aq/ScS2y8KqGqmCCEgJlytYK4jdULzAo2K/BPKE1v3xvn8oUPZDLI/NBJbJkEoA==}
    engines: {node: '>= 10'}
    cpu: [arm64]
    os: [linux]

  '@napi-rs/canvas-linux-arm64-musl@0.1.69':
    resolution: {integrity: sha512-a3xjNRIeK2m2ZORGv2moBvv3vbkaFZG1QKMeiEv/BKij+rkztuEhTJGMar+buICFgS0fLgphXXsKNkUSJb7eRQ==}
    engines: {node: '>= 10'}
    cpu: [arm64]
    os: [linux]

  '@napi-rs/canvas-linux-riscv64-gnu@0.1.69':
    resolution: {integrity: sha512-pClUoJF5wdC9AvD0mc15G9JffL1Q85nuH1rLSQPRkGmGmQOtRjw5E9xNbanz7oFUiPbjH7xcAXUjVAcf7tdgPQ==}
    engines: {node: '>= 10'}
    cpu: [riscv64]
    os: [linux]

  '@napi-rs/canvas-linux-x64-gnu@0.1.69':
    resolution: {integrity: sha512-96X3bFAmzemfw84Ts6Jg/omL86uuynvK06MWGR/mp3JYNumY9RXofA14eF/kJIYelbYFWXcwpbcBR71lJ6G/YQ==}
    engines: {node: '>= 10'}
    cpu: [x64]
    os: [linux]

  '@napi-rs/canvas-linux-x64-musl@0.1.69':
    resolution: {integrity: sha512-2QTsEFO72Kwkj53W9hc5y1FAUvdGx0V+pjJB+9oQF6Ys9+y989GyPIl5wZDzeh8nIJW6koZZ1eFa8pD+pA5BFQ==}
    engines: {node: '>= 10'}
    cpu: [x64]
    os: [linux]

  '@napi-rs/canvas-win32-x64-msvc@0.1.69':
    resolution: {integrity: sha512-Q4YA8kVnKarApBVLu7F8icGlIfSll5Glswo5hY6gPS4Is2dCI8+ig9OeDM8RlwYevUIxKq8lZBypN8Q1iLAQ7w==}
    engines: {node: '>= 10'}
    cpu: [x64]
    os: [win32]

  '@napi-rs/canvas@0.1.69':
    resolution: {integrity: sha512-ydvNeJMRm+l3T14yCoUKqjYQiEdXDq1isznI93LEBGYssXKfSaLNLHOkeM4z9Fnw9Pkt2EKOCAtW9cS4b00Zcg==}
    engines: {node: '>= 10'}

  '@types/pdfjs-dist@2.10.378':
    resolution: {integrity: sha512-TRdIPqdsvKmPla44kVy4jv5Nt5vjMfVjbIEke1CRULIrwKNRC4lIiZvNYDJvbUMNCFPNIUcOKhXTyMJrX18IMA==}
    deprecated: This is a stub types definition. pdfjs-dist provides its own type definitions, so you do not need this installed.

  async@2.6.4:
    resolution: {integrity: sha512-mzo5dfJYwAn29PeiJ0zvwTo04zj8HDJj0Mn8TD7sno7q12prdbnasKJHhkm2c1LgrhlJ0teaea8860oxi51mGA==}

  balanced-match@1.0.2:
    resolution: {integrity: sha512-3oSeUO0TMV67hN1AmbXsK4yaqU7tjiHlbxRDZOpH0KW9+CeX4bRAaX0Anxt0tx2MrpRpWwQaPwIlISEJhYU5Pw==}

  brace-expansion@1.1.11:
    resolution: {integrity: sha512-iCuPHDFgrHX7H2vEI/5xpz07zSHB00TpugqhmYtVmMO6518mCuRMoOYFldEBl0g187ufozdaHgWKcYFb61qGiA==}

  concat-map@0.0.1:
    resolution: {integrity: sha512-/Srv4dswyQNBfohGpz9o6Yb3Gz3SrUDqBH5rTuhGR7ahtlbYKnVxw2bCFMRljaA7EXHaXZ8wsHdodFvbkhKmqg==}

  fs.realpath@1.0.0:
    resolution: {integrity: sha512-OO0pH2lK6a0hZnAdau5ItzHPI6pUlvI7jMVnxUQRtw4owF2wk8lOSabtGDCTP4Ggrg2MbGnWO9X8K1t4+fGMDw==}

  glob@7.2.3:
    resolution: {integrity: sha512-nFR0zLpU2YCaRxwoCJvL6UvCH2JFyFVIvwTLsIf21AuHlMskA1hhTdk+LlYJtOlYt9v6dvszD2BGRqBL+iQK9Q==}
    deprecated: Glob versions prior to v9 are no longer supported

  inflight@1.0.6:
    resolution: {integrity: sha512-k92I/b08q4wvFscXCLvqfsHCrjrF7yiXsQuIVvVE7N82W3+aqpzuUdBbfhWcy/FZR3/4IgflMgKLOsvPDrGCJA==}
    deprecated: This module is not supported, and leaks memory. Do not use it. Check out lru-cache if you want a good and tested way to coalesce async requests by a key value, which is much more comprehensive and powerful.

  inherits@2.0.4:
    resolution: {integrity: sha512-k/vGaX4/Yla3WzyMCvTQOXYeIHvqOKtnqBduzTHpzpQZzAskKMhZ2K+EnBiSM9zGSoIFeMpXKxa4dYeZIQqewQ==}

  lodash@4.17.21:
    resolution: {integrity: sha512-v2kDEe57lecTulaDIuNTPy3Ry4gLGJ6Z1O3vE1krgXZNrsQ+LFTGHVxVjcXPs17LhbZVGedAJv8XZ1tvj5FvSg==}

  minimatch@3.1.2:
    resolution: {integrity: sha512-J7p63hRiAjw1NDEww1W7i37+ByIrOWO5XQQAzZ3VOcL0PNybwpfmV/N05zFAzwQ9USyEcX6t3UO+K5aqBQOIHw==}

  once@1.4.0:
    resolution: {integrity: sha512-lNaJgI+2Q5URQBkccEKHTQOPaXdUxnZZElQTZY0MFUAuaEqe1E+Nyvgdz/aIyNi6Z9MzO5dv1H8n58/GELp3+w==}

  path-is-absolute@1.0.1:
    resolution: {integrity: sha512-AVbw3UJ2e9bq64vSaS9Am0fje1Pa8pbGqTTsmXfaIiMpnr5DlDhfJOuLj9Sf95ZPVDAUerDfEk88MPmPe7UCQg==}
    engines: {node: '>=0.10.0'}

  pdfjs-dist@5.2.133:
    resolution: {integrity: sha512-abE6ZWDxztt+gGFzfm4bX2ggfxUk9wsDEoFzIJm9LozaY3JdXR7jyLK4Bjs+XLXplCduuWS1wGhPC4tgTn/kzg==}
    engines: {node: '>=20.16.0 || >=22.3.0'}

  resolve-from@2.0.0:
    resolution: {integrity: sha512-qpFcKaXsq8+oRoLilkwyc7zHGF5i9Q2/25NIgLQQ/+VVv9rU4qvr6nXVAw1DsnXJyQkZsR4Ytfbtg5ehfcUssQ==}
    engines: {node: '>=0.10.0'}

  resolve-pkg@1.0.0:
    resolution: {integrity: sha512-L0/+vjdV3UjcQaXRlQcObpCyySS8GEqVNYGYRDAGlYOcw4J1y33WMIAD3XvYWIPnBeyN5Ilp5RHoifs3gR1S2g==}
    engines: {node: '>=4'}

  scripty@3.0.0:
    resolution: {integrity: sha512-rB8QX6PqBQf+sJly8rHJzDksTyvmhfOsQJzlpgu7uakq0gUi/tt9ppoWHFTN2BhbJq8Ti5Y1A166tTb+QBvp0w==}
    deprecated: Package no longer supported. Contact Support at https://www.npmjs.com/support for more info.
    hasBin: true

  wrappy@1.0.2:
    resolution: {integrity: sha512-l4Sp/DRseor9wL6EvV2+TuQn63dMkPjZ/sp9XkghTEbV9KlPS1xUsZ3u7/IQO4wxtcFB4bgpQPRcR3QCvezPcQ==}

snapshots:

  '@napi-rs/canvas-android-arm64@0.1.69':
    optional: true

  '@napi-rs/canvas-darwin-arm64@0.1.69':
    optional: true

  '@napi-rs/canvas-darwin-x64@0.1.69':
    optional: true

  '@napi-rs/canvas-linux-arm-gnueabihf@0.1.69':
    optional: true

  '@napi-rs/canvas-linux-arm64-gnu@0.1.69':
    optional: true

  '@napi-rs/canvas-linux-arm64-musl@0.1.69':
    optional: true

  '@napi-rs/canvas-linux-riscv64-gnu@0.1.69':
    optional: true

  '@napi-rs/canvas-linux-x64-gnu@0.1.69':
    optional: true

  '@napi-rs/canvas-linux-x64-musl@0.1.69':
    optional: true

  '@napi-rs/canvas-win32-x64-msvc@0.1.69':
    optional: true

  '@napi-rs/canvas@0.1.69':
    optionalDependencies:
      '@napi-rs/canvas-android-arm64': 0.1.69
      '@napi-rs/canvas-darwin-arm64': 0.1.69
      '@napi-rs/canvas-darwin-x64': 0.1.69
      '@napi-rs/canvas-linux-arm-gnueabihf': 0.1.69
      '@napi-rs/canvas-linux-arm64-gnu': 0.1.69
      '@napi-rs/canvas-linux-arm64-musl': 0.1.69
      '@napi-rs/canvas-linux-riscv64-gnu': 0.1.69
      '@napi-rs/canvas-linux-x64-gnu': 0.1.69
      '@napi-rs/canvas-linux-x64-musl': 0.1.69
      '@napi-rs/canvas-win32-x64-msvc': 0.1.69
    optional: true

  '@types/pdfjs-dist@2.10.378':
    dependencies:
      pdfjs-dist: 5.2.133

  async@2.6.4:
    dependencies:
      lodash: 4.17.21

  balanced-match@1.0.2: {}

  brace-expansion@1.1.11:
    dependencies:
      balanced-match: 1.0.2
      concat-map: 0.0.1

  concat-map@0.0.1: {}

  fs.realpath@1.0.0: {}

  glob@7.2.3:
    dependencies:
      fs.realpath: 1.0.0
      inflight: 1.0.6
      inherits: 2.0.4
      minimatch: 3.1.2
      once: 1.4.0
      path-is-absolute: 1.0.1

  inflight@1.0.6:
    dependencies:
      once: 1.4.0
      wrappy: 1.0.2

  inherits@2.0.4: {}

  lodash@4.17.21: {}

  minimatch@3.1.2:
    dependencies:
      brace-expansion: 1.1.11

  once@1.4.0:
    dependencies:
      wrappy: 1.0.2

  path-is-absolute@1.0.1: {}

  pdfjs-dist@5.2.133:
    optionalDependencies:
      '@napi-rs/canvas': 0.1.69

  resolve-from@2.0.0: {}

  resolve-pkg@1.0.0:
    dependencies:
      resolve-from: 2.0.0

  scripty@3.0.0:
    dependencies:
      async: 2.6.4
      glob: 7.2.3
      lodash: 4.17.21
      resolve-pkg: 1.0.0

  wrappy@1.0.2: {}
